
Microsoft Visual Studio Solution File, Format Version 12.00
# Visual Studio 15
VisualStudioVersion = 15.0.28307.1000
MinimumVisualStudioVersion = 10.0.40219.1
Project("{F184B08F-C81C-45F6-A57F-5ABD9991F28F}") = "Shipping_Depot", "Shipping_Depot\Shipping_Depot.vbproj", "{28669C64-D94A-45A4-8939-058716718627}"
EndProject
Global
	GlobalSection(SolutionConfigurationPlatforms) = preSolution
		Debug|Any CPU = Debug|Any CPU
		Release|Any CPU = Release|Any CPU
	EndGlobalSection
	GlobalSection(ProjectConfigurationPlatforms) = postSolution
		{28669C64-D94A-45A4-8939-058716718627}.Debug|Any CPU.ActiveCfg = Debug|Any CPU
		{28669C64-D94A-45A4-8939-058716718627}.Debug|Any CPU.Build.0 = Debug|Any CPU
		{28669C64-D94A-45A4-8939-058716718627}.Release|Any CPU.ActiveCfg = Release|Any CPU
		{28669C64-D94A-45A4-8939-058716718627}.Release|Any CPU.Build.0 = Release|Any CPU
	EndGlobalSection
	GlobalSection(SolutionProperties) = preSolution
		HideSolutionNode = FALSE
	EndGlobalSection
	GlobalSection(ExtensibilityGlobals) = postSolution
		SolutionGuid = {8E9D57A2-C9C3-4212-98C8-1FC0EB7CDBF5}
	EndGlobalSection
EndGlobal
